{
  "socketPath": "/tmp/mcp-fFM5c1/mcp.sock",
  "scheme": "unix",
  "headers": {
    "Authorization": "Nonce b0b34281-6f12-4ec3-ab93-79f8e83b7997"
  },
  "pid": 766385,
  "ideName": "Visual Studio Code",
  "timestamp": 1772266940012,
  "workspaceFolders": [
    "/hpc2hdd/home/kluo573/EVO_1"
  ],
  "isTrusted": true
}