{
  "socketPath": "/tmp/mcp-fSfxxT/mcp.sock",
  "scheme": "unix",
  "headers": {
    "Authorization": "Nonce fe73bb4b-629d-456d-a943-2790279a978c"
  },
  "pid": 749418,
  "ideName": "Visual Studio Code",
  "timestamp": 1772264305005,
  "workspaceFolders": [
    "/hpc2hdd/home/kluo573"
  ],
  "isTrusted": true
}